// !$*UTF8*$!
{
	archiveVersion = 1;
	classes = {
	};
	objectVersion = 56;
	objects = {

/* Begin PBXBuildFile section */
		A30ED6FE2A2F1A2F00401D53 /* AppDelegate.swift in Sources */ = {isa = PBXBuildFile; fileRef = A30ED6FD2A2F1A2F00401D53 /* AppDelegate.swift */; };
		A30ED7002A2F1A2F00401D53 /* SceneDelegate.swift in Sources */ = {isa = PBXBuildFile; fileRef = A30ED6FF2A2F1A2F00401D53 /* SceneDelegate.swift */; };
		A30ED7022A2F1A2F00401D53 /* ViewController.swift in Sources */ = {isa = PBXBuildFile; fileRef = A30ED7012A2F1A2F00401D53 /* ViewController.swift */; };
		A30ED7052A2F1A2F00401D53 /* Main.storyboard in Resources */ = {isa = PBXBuildFile; fileRef = A30ED7032A2F1A2F00401D53 /* Main.storyboard */; };
		A30ED7072A2F1A3000401D53 /* Assets.xcassets in Resources */ = {isa = PBXBuildFile; fileRef = A30ED7062A2F1A3000401D53 /* Assets.xcassets */; };
		A30ED70A2A2F1A3000401D53 /* LaunchScreen.storyboard in Resources */ = {isa = PBXBuildFile; fileRef = A30ED7082A2F1A3000401D53 /* LaunchScreen.storyboard */; };
		A30ED7152A2F1A3100401D53 /* TabTests.swift in Sources */ = {isa = PBXBuildFile; fileRef = A30ED7142A2F1A3100401D53 /* TabTests.swift */; };
		A30ED71F2A2F1A3100401D53 /* TabUITests.swift in Sources */ = {isa = PBXBuildFile; fileRef = A30ED71E2A2F1A3100401D53 /* TabUITests.swift */; };
		A30ED7212A2F1A3100401D53 /* TabUITestsLaunchTests.swift in Sources */ = {isa = PBXBuildFile; fileRef = A30ED7202A2F1A3100401D53 /* TabUITestsLaunchTests.swift */; };
		A30ED72F2A2F1B8900401D53 /* lamp_off.png in Resources */ = {isa = PBXBuildFile; fileRef = A30ED72D2A2F1B8900401D53 /* lamp_off.png */; };
		A30ED7302A2F1B8900401D53 /* lamp_on.png in Resources */ = {isa = PBXBuildFile; fileRef = A30ED72E2A2F1B8900401D53 /* lamp_on.png */; };
		A30ED7322A2F1BDF00401D53 /* ImageViewController.swift in Sources */ = {isa = PBXBuildFile; fileRef = A30ED7312A2F1BDF00401D53 /* ImageViewController.swift */; };
/* End PBXBuildFile section */

/* Begin PBXContainerItemProxy section */
		A30ED7112A2F1A3100401D53 /* PBXContainerItemProxy */ = {
			isa = PBXContainerItemProxy;
			containerPortal = A30ED6F22A2F1A2F00401D53 /* Project object */;
			proxyType = 1;
			remoteGlobalIDString = A30ED6F92A2F1A2F00401D53;
			remoteInfo = Tab;
		};
		A30ED71B2A2F1A3100401D53 /* PBXContainerItemProxy */ = {
			isa = PBXContainerItemProxy;
			containerPortal = A30ED6F22A2F1A2F00401D53 /* Project object */;
			proxyType = 1;
			remoteGlobalIDString = A30ED6F92A2F1A2F00401D53;
			remoteInfo = Tab;
		};
/* End PBXContainerItemProxy section */

/* Begin PBXFileReference section */
		A30ED6FA2A2F1A2F00401D53 /* Tab.app */ = {isa = PBXFileReference; explicitFileType = wrapper.application; includeInIndex = 0; path = Tab.app; sourceTree = BUILT_PRODUCTS_DIR; };
		A30ED6FD2A2F1A2F00401D53 /* AppDelegate.swift */ = {isa = PBXFileReference; lastKnownFileType = sourcecode.swift; path = AppDelegate.swift; sourceTree = "<group>"; };
		A30ED6FF2A2F1A2F00401D53 /* SceneDelegate.swift */ = {isa = PBXFileReference; lastKnownFileType = sourcecode.swift; path = SceneDelegate.swift; sourceTree = "<group>"; };
		A30ED7012A2F1A2F00401D53 /* ViewController.swift */ = {isa = PBXFileReference; lastKnownFileType = sourcecode.swift; path = ViewController.swift; sourceTree = "<group>"; };
		A30ED7042A2F1A2F00401D53 /* Base */ = {isa = PBXFileReference; lastKnownFileType = file.storyboard; name = Base; path = Base.lproj/Main.storyboard; sourceTree = "<group>"; };
		A30ED7062A2F1A3000401D53 /* Assets.xcassets */ = {isa = PBXFileReference; lastKnownFileType = folder.assetcatalog; path = Assets.xcassets; sourceTree = "<group>"; };
		A30ED7092A2F1A3000401D53 /* Base */ = {isa = PBXFileReference; lastKnownFileType = file.storyboard; name = Base; path = Base.lproj/LaunchScreen.storyboard; sourceTree = "<group>"; };
		A30ED70B2A2F1A3000401D53 /* Info.plist */ = {isa = PBXFileReference; lastKnownFileType = text.plist.xml; path = Info.plist; sourceTree = "<group>"; };
		A30ED7102A2F1A3100401D53 /* TabTests.xctest */ = {isa = PBXFileReference; explicitFileType = wrapper.cfbundle; includeInIndex = 0; path = TabTests.xctest; sourceTree = BUILT_PRODUCTS_DIR; };
		A30ED7142A2F1A3100401D53 /* TabTests.swift */ = {isa = PBXFileReference; lastKnownFileType = sourcecode.swift; path = TabTests.swift; sourceTree = "<group>"; };
		A30ED71A2A2F1A3100401D53 /* TabUITests.xctest */ = {isa = PBXFileReference; explicitFileType = wrapper.cfbundle; includeInIndex = 0; path = TabUITests.xctest; sourceTree = BUILT_PRODUCTS_DIR; };
		A30ED71E2A2F1A3100401D53 /* TabUITests.swift */ = {isa = PBXFileReference; lastKnownFileType = sourcecode.swift; path = TabUITests.swift; sourceTree = "<group>"; };
		A30ED7202A2F1A3100401D53 /* TabUITestsLaunchTests.swift */ = {isa = PBXFileReference; lastKnownFileType = sourcecode.swift; path = TabUITestsLaunchTests.swift; sourceTree = "<group>"; };
		A30ED72D2A2F1B8900401D53 /* lamp_off.png */ = {isa = PBXFileReference; lastKnownFileType = image.png; path = lamp_off.png; sourceTree = "<group>"; };
		A30ED72E2A2F1B8900401D53 /* lamp_on.png */ = {isa = PBXFileReference; lastKnownFileType = image.png; path = lamp_on.png; sourceTree = "<group>"; };
		A30ED7312A2F1BDF00401D53 /* ImageViewController.swift */ = {isa = PBXFileReference; fileEncoding = 4; lastKnownFileType = sourcecode.swift; path = ImageViewController.swift; sourceTree = "<group>"; };
/* End PBXFileReference section */

/* Begin PBXFrameworksBuildPhase section */
		A30ED6F72A2F1A2F00401D53 /* Frameworks */ = {
			isa = PBXFrameworksBuildPhase;
			buildActionMask = 2147483647;
			files = (
			);
			runOnlyForDeploymentPostprocessing = 0;
		};
		A30ED70D2A2F1A3100401D53 /* Frameworks */ = {
			isa = PBXFrameworksBuildPhase;
			buildActionMask = 2147483647;
			files = (
			);
			runOnlyForDeploymentPostprocessing = 0;
		};
		A30ED7172A2F1A3100401D53 /* Frameworks */ = {
			isa = PBXFrameworksBuildPhase;
			buildActionMask = 2147483647;
			files = (
			);
			runOnlyForDeploymentPostprocessing = 0;
		};
/* End PBXFrameworksBuildPhase section */

/* Begin PBXGroup section */
		A30ED6F12A2F1A2F00401D53 = {
			isa = PBXGroup;
			children = (
				A30ED6FC2A2F1A2F00401D53 /* Tab */,
				A30ED7132A2F1A3100401D53 /* TabTests */,
				A30ED71D2A2F1A3100401D53 /* TabUITests */,
				A30ED6FB2A2F1A2F00401D53 /* Products */,
			);
			sourceTree = "<group>";
		};
		A30ED6FB2A2F1A2F00401D53 /* Products */ = {
			isa = PBXGroup;
			children = (
				A30ED6FA2A2F1A2F00401D53 /* Tab.app */,
				A30ED7102A2F1A3100401D53 /* TabTests.xctest */,
				A30ED71A2A2F1A3100401D53 /* TabUITests.xctest */,
			);
			name = Products;
			sourceTree = "<group>";
		};
		A30ED6FC2A2F1A2F00401D53 /* Tab */ = {
			isa = PBXGroup;
			children = (
				A30ED72D2A2F1B8900401D53 /* lamp_off.png */,
				A30ED72E2A2F1B8900401D53 /* lamp_on.png */,
				A30ED6FD2A2F1A2F00401D53 /* AppDelegate.swift */,
				A30ED6FF2A2F1A2F00401D53 /* SceneDelegate.swift */,
				A30ED7312A2F1BDF00401D53 /* ImageViewController.swift */,
				A30ED7012A2F1A2F00401D53 /* ViewController.swift */,
				A30ED7032A2F1A2F00401D53 /* Main.storyboard */,
				A30ED7062A2F1A3000401D53 /* Assets.xcassets */,
				A30ED7082A2F1A3000401D53 /* LaunchScreen.storyboard */,
				A30ED70B2A2F1A3000401D53 /* Info.plist */,
			);
			path = Tab;
			sourceTree = "<group>";
		};
		A30ED7132A2F1A3100401D53 /* TabTests */ = {
			isa = PBXGroup;
			children = (
				A30ED7142A2F1A3100401D53 /* TabTests.swift */,
			);
			path = TabTests;
			sourceTree = "<group>";
		};
		A30ED71D2A2F1A3100401D53 /* TabUITests */ = {
			isa = PBXGroup;
			children = (
				A30ED71E2A2F1A3100401D53 /* TabUITests.swift */,
				A30ED7202A2F1A3100401D53 /* TabUITestsLaunchTests.swift */,
			);
			path = TabUITests;
			sourceTree = "<group>";
		};
/* End PBXGroup section */

/* Begin PBXNativeTarget section */
		A30ED6F92A2F1A2F00401D53 /* Tab */ = {
			isa = PBXNativeTarget;
			buildConfigurationList = A30ED7242A2F1A3100401D53 /* Build configuration list for PBXNativeTarget "Tab" */;
			buildPhases = (
				A30ED6F62A2F1A2F00401D53 /* Sources */,
				A30ED6F72A2F1A2F00401D53 /* Frameworks */,
				A30ED6F82A2F1A2F00401D53 /* Resources */,
			);
			buildRules = (
			);
			dependencies = (
			);
			name = Tab;
			productName = Tab;
			productReference = A30ED6FA2A2F1A2F00401D53 /* Tab.app */;
			productType = "com.apple.product-type.application";
		};
		A30ED70F2A2F1A3100401D53 /* TabTests */ = {
			isa = PBXNativeTarget;
			buildConfigurationList = A30ED7272A2F1A3100401D53 /* Build configuration list for PBXNativeTarget "TabTests" */;
			buildPhases = (
				A30ED70C2A2F1A3100401D53 /* Sources */,
				A30ED70D2A2F1A3100401D53 /* Frameworks */,
				A30ED70E2A2F1A3100401D53 /* Resources */,
			);
			buildRules = (
			);
			dependencies = (
				A30ED7122A2F1A3100401D53 /* PBXTargetDependency */,
			);
			name = TabTests;
			productName = TabTests;
			productReference = A30ED7102A2F1A3100401D53 /* TabTests.xctest */;
			productType = "com.apple.product-type.bundle.unit-test";
		};
		A30ED7192A2F1A3100401D53 /* TabUITests */ = {
			isa = PBXNativeTarget;
			buildConfigurationList = A30ED72A2A2F1A3100401D53 /* Build configuration list for PBXNativeTarget "TabUITests" */;
			buildPhases = (
				A30ED7162A2F1A3100401D53 /* Sources */,
				A30ED7172A2F1A3100401D53 /* Frameworks */,
				A30ED7182A2F1A3100401D53 /* Resources */,
			);
			buildRules = (
			);
			dependencies = (
				A30ED71C2A2F1A3100401D53 /* PBXTargetDependency */,
			);
			name = TabUITests;
			productName = TabUITests;
			productReference = A30ED71A2A2F1A3100401D53 /* TabUITests.xctest */;
			productType = "com.apple.product-type.bundle.ui-testing";
		};
/* End PBXNativeTarget section */

/* Begin PBXProject section */
		A30ED6F22A2F1A2F00401D53 /* Project object */ = {
			isa = PBXProject;
			attributes = {
				BuildIndependentTargetsInParallel = 1;
				LastSwiftUpdateCheck = 1420;
				LastUpgradeCheck = 1420;
				TargetAttributes = {
					A30ED6F92A2F1A2F00401D53 = {
						CreatedOnToolsVersion = 14.2;
					};
					A30ED70F2A2F1A3100401D53 = {
						CreatedOnToolsVersion = 14.2;
						TestTargetID = A30ED6F92A2F1A2F00401D53;
					};
					A30ED7192A2F1A3100401D53 = {
						CreatedOnToolsVersion = 14.2;
						TestTargetID = A30ED6F92A2F1A2F00401D53;
					};
				};
			};
			buildConfigurationList = A30ED6F52A2F1A2F00401D53 /* Build configuration list for PBXProject "Tab" */;
			compatibilityVersion = "Xcode 14.0";
			developmentRegion = en;
			hasScannedForEncodings = 0;
			knownRegions = (
				en,
				Base,
			);
			mainGroup = A30ED6F12A2F1A2F00401D53;
			productRefGroup = A30ED6FB2A2F1A2F00401D53 /* Products */;
			projectDirPath = "";
			projectRoot = "";
			targets = (
				A30ED6F92A2F1A2F00401D53 /* Tab */,
				A30ED70F2A2F1A3100401D53 /* TabTests */,
				A30ED7192A2F1A3100401D53 /* TabUITests */,
			);
		};
/* End PBXProject section */

/* Begin PBXResourcesBuildPhase section */
		A30ED6F82A2F1A2F00401D53 /* Resources */ = {
			isa = PBXResourcesBuildPhase;
			buildActionMask = 2147483647;
			files = (
				A30ED70A2A2F1A3000401D53 /* LaunchScreen.storyboard in Resources */,
				A30ED7072A2F1A3000401D53 /* Assets.xcassets in Resources */,
				A30ED7302A2F1B8900401D53 /* lamp_on.png in Resources */,
				A30ED7052A2F1A2F00401D53 /* Main.storyboard in Resources */,
				A30ED72F2A2F1B8900401D53 /* lamp_off.png in Resources */,
			);
			runOnlyForDeploymentPostprocessing = 0;
		};
		A30ED70E2A2F1A3100401D53 /* Resources */ = {
			isa = PBXResourcesBuildPhase;
			buildActionMask = 2147483647;
			files = (
			);
			runOnlyForDeploymentPostprocessing = 0;
		};
		A30ED7182A2F1A3100401D53 /* Resources */ = {
			isa = PBXResourcesBuildPhase;
			buildActionMask = 2147483647;
			files = (
			);
			runOnlyForDeploymentPostprocessing = 0;
		};
/* End PBXResourcesBuildPhase section */

/* Begin PBXSourcesBuildPhase section */
		A30ED6F62A2F1A2F00401D53 /* Sources */ = {
			isa = PBXSourcesBuildPhase;
			buildActionMask = 2147483647;
			files = (
				A30ED7022A2F1A2F00401D53 /* ViewController.swift in Sources */,
				A30ED6FE2A2F1A2F00401D53 /* AppDelegate.swift in Sources */,
				A30ED7322A2F1BDF00401D53 /* ImageViewController.swift in Sources */,
				A30ED7002A2F1A2F00401D53 /* SceneDelegate.swift in Sources */,
			);
			runOnlyForDeploymentPostprocessing = 0;
		};
		A30ED70C2A2F1A3100401D53 /* Sources */ = {
			isa = PBXSourcesBuildPhase;
			buildActionMask = 2147483647;
			files = (
				A30ED7152A2F1A3100401D53 /* TabTests.swift in Sources */,
			);
			runOnlyForDeploymentPostprocessing = 0;
		};
		A30ED7162A2F1A3100401D53 /* Sources */ = {
			isa = PBXSourcesBuildPhase;
			buildActionMask = 2147483647;
			files = (
				A30ED7212A2F1A3100401D53 /* TabUITestsLaunchTests.swift in Sources */,
				A30ED71F2A2F1A3100401D53 /* TabUITests.swift in Sources */,
			);
			runOnlyForDeploymentPostprocessing = 0;
		};
/* End PBXSourcesBuildPhase section */

/* Begin PBXTargetDependency section */
		A30ED7122A2F1A3100401D53 /* PBXTargetDependency */ = {
			isa = PBXTargetDependency;
			target = A30ED6F92A2F1A2F00401D53 /* Tab */;
			targetProxy = A30ED7112A2F1A3100401D53 /* PBXContainerItemProxy */;
		};
		A30ED71C2A2F1A3100401D53 /* PBXTargetDependency */ = {
			isa = PBXTargetDependency;
			target = A30ED6F92A2F1A2F00401D53 /* Tab */;
			targetProxy = A30ED71B2A2F1A3100401D53 /* PBXContainerItemProxy */;
		};
/* End PBXTargetDependency section */

/* Begin PBXVariantGroup section */
		A30ED7032A2F1A2F00401D53 /* Main.storyboard */ = {
			isa = PBXVariantGroup;
			children = (
				A30ED7042A2F1A2F00401D53 /* Base */,
			);
			name = Main.storyboard;
			sourceTree = "<group>";
		};
		A30ED7082A2F1A3000401D53 /* LaunchScreen.storyboard */ = {
			isa = PBXVariantGroup;
			children = (
				A30ED7092A2F1A3000401D53 /* Base */,
			);
			name = LaunchScreen.storyboard;
			sourceTree = "<group>";
		};
/* End PBXVariantGroup section */

/* Begin XCBuildConfiguration section */
		A30ED7222A2F1A3100401D53 /* Debug */ = {
			isa = XCBuildConfiguration;
			buildSettings = {
				ALWAYS_SEARCH_USER_PATHS = NO;
				CLANG_ANALYZER_NONNULL = YES;
				CLANG_ANALYZER_NUMBER_OBJECT_CONVERSION = YES_AGGRESSIVE;
				CLANG_CXX_LANGUAGE_STANDARD = "gnu++20";
				CLANG_ENABLE_MODULES = YES;
				CLANG_ENABLE_OBJC_ARC = YES;
				CLANG_ENABLE_OBJC_WEAK = YES;
				CLANG_WARN_BLOCK_CAPTURE_AUTORELEASING = YES;
				CLANG_WARN_BOOL_CONVERSION = YES;
				CLANG_WARN_COMMA = YES;
				CLANG_WARN_CONSTANT_CONVERSION = YES;
				CLANG_WARN_DEPRECATED_OBJC_IMPLEMENTATIONS = YES;
				CLANG_WARN_DIRECT_OBJC_ISA_USAGE = YES_ERROR;
				CLANG_WARN_DOCUMENTATION_COMMENTS = YES;
				CLANG_WARN_EMPTY_BODY = YES;
				CLANG_WARN_ENUM_CONVERSION = YES;
				CLANG_WARN_INFINITE_RECURSION = YES;
				CLANG_WARN_INT_CONVERSION = YES;
				CLANG_WARN_NON_LITERAL_NULL_CONVERSION = YES;
				CLANG_WARN_OBJC_IMPLICIT_RETAIN_SELF = YES;
				CLANG_WARN_OBJC_LITERAL_CONVERSION = YES;
				CLANG_WARN_OBJC_ROOT_CLASS = YES_ERROR;
				CLANG_WARN_QUOTED_INCLUDE_IN_FRAMEWORK_HEADER = YES;
				CLANG_WARN_RANGE_LOOP_ANALYSIS = YES;
				CLANG_WARN_STRICT_PROTOTYPES = YES;
				CLANG_WARN_SUSPICIOUS_MOVE = YES;
				CLANG_WARN_UNGUARDED_AVAILABILITY = YES_AGGRESSIVE;
				CLANG_WARN_UNREACHABLE_CODE = YES;
				CLANG_WARN__DUPLICATE_METHOD_MATCH = YES;
				COPY_PHASE_STRIP = NO;
				DEBUG_INFORMATION_FORMAT = dwarf;
				ENABLE_STRICT_OBJC_MSGSEND = YES;
				ENABLE_TESTABILITY = YES;
				GCC_C_LANGUAGE_STANDARD = gnu11;
				GCC_DYNAMIC_NO_PIC = NO;
				GCC_NO_COMMON_BLOCKS = YES;
				GCC_OPTIMIZATION_LEVEL = 0;
				GCC_PREPROCESSOR_DEFINITIONS = (
					"DEBUG=1",
					"$(inherited)",
				);
				GCC_WARN_64_TO_32_BIT_CONVERSION = YES;
				GCC_WARN_ABOUT_RETURN_TYPE = YES_ERROR;
				GCC_WARN_UNDECLARED_SELECTOR = YES;
				GCC_WARN_UNINITIALIZED_AUTOS = YES_AGGRESSIVE;
				GCC_WARN_UNUSED_FUNCTION = YES;
				GCC_WARN_UNUSED_VARIABLE = YES;
				IPHONEOS_DEPLOYMENT_TARGET = 16.2;
				MTL_ENABLE_DEBUG_INFO = INCLUDE_SOURCE;
				MTL_FAST_MATH = YES;
				ONLY_ACTIVE_ARCH = YES;
				SDKROOT = iphoneos;
				SWIFT_ACTIVE_COMPILATION_CONDITIONS = DEBUG;
				SWIFT_OPTIMIZATION_LEVEL = "-Onone";
			};
			name = Debug;
		};
		A30ED7232A2F1A3100401D53 /* Release */ = {
			isa = XCBuildConfiguration;
			buildSettings = {
				ALWAYS_SEARCH_USER_PATHS = NO;
				CLANG_ANALYZER_NONNULL = YES;
				CLANG_ANALYZER_NUMBER_OBJECT_CONVERSION = YES_AGGRESSIVE;
				CLANG_CXX_LANGUAGE_STANDARD = "gnu++20";
				CLANG_ENABLE_MODULES = YES;
				CLANG_ENABLE_OBJC_ARC = YES;
				CLANG_ENABLE_OBJC_WEAK = YES;
				CLANG_WARN_BLOCK_CAPTURE_AUTORELEASING = YES;
				CLANG_WARN_BOOL_CONVERSION = YES;
				CLANG_WARN_COMMA = YES;
				CLANG_WARN_CONSTANT_CONVERSION = YES;
				CLANG_WARN_DEPRECATED_OBJC_IMPLEMENTATIONS = YES;
				CLANG_WARN_DIRECT_OBJC_ISA_USAGE = YES_ERROR;
				CLANG_WARN_DOCUMENTATION_COMMENTS = YES;
				CLANG_WARN_EMPTY_BODY = YES;
				CLANG_WARN_ENUM_CONVERSION = YES;
				CLANG_WARN_INFINITE_RECURSION = YES;
				CLANG_WARN_INT_CONVERSION = YES;
				CLANG_WARN_NON_LITERAL_NULL_CONVERSION = YES;
				CLANG_WARN_OBJC_IMPLICIT_RETAIN_SELF = YES;
				CLANG_WARN_OBJC_LITERAL_CONVERSION = YES;
				CLANG_WARN_OBJC_ROOT_CLASS = YES_ERROR;
				CLANG_WARN_QUOTED_INCLUDE_IN_FRAMEWORK_HEADER = YES;
				CLANG_WARN_RANGE_LOOP_ANALYSIS = YES;
				CLANG_WARN_STRICT_PROTOTYPES = YES;
				CLANG_WARN_SUSPICIOUS_MOVE = YES;
				CLANG_WARN_UNGUARDED_AVAILABILITY = YES_AGGRESSIVE;
				CLANG_WARN_UNREACHABLE_CODE = YES;
				CLANG_WARN__DUPLICATE_METHOD_MATCH = YES;
				COPY_PHASE_STRIP = NO;
				DEBUG_INFORMATION_FORMAT = "dwarf-with-dsym";
				ENABLE_NS_ASSERTIONS = NO;
				ENABLE_STRICT_OBJC_MSGSEND = YES;
				GCC_C_LANGUAGE_STANDARD = gnu11;
				GCC_NO_COMMON_BLOCKS = YES;
				GCC_WARN_64_TO_32_BIT_CONVERSION = YES;
				GCC_WARN_ABOUT_RETURN_TYPE = YES_ERROR;
				GCC_WARN_UNDECLARED_SELECTOR = YES;
				GCC_WARN_UNINITIALIZED_AUTOS = YES_AGGRESSIVE;
				GCC_WARN_UNUSED_FUNCTION = YES;
				GCC_WARN_UNUSED_VARIABLE = YES;
				IPHONEOS_DEPLOYMENT_TARGET = 16.2;
				MTL_ENABLE_DEBUG_INFO = NO;
				MTL_FAST_MATH = YES;
				SDKROOT = iphoneos;
				SWIFT_COMPILATION_MODE = wholemodule;
				SWIFT_OPTIMIZATION_LEVEL = "-O";
				VALIDATE_PRODUCT = YES;
			};
			name = Release;
		};
		A30ED7252A2F1A3100401D53 /* Debug */ = {
			isa = XCBuildConfiguration;
			buildSettings = {
				ASSETCATALOG_COMPILER_APPICON_NAME = AppIcon;
				ASSETCATALOG_COMPILER_GLOBAL_ACCENT_COLOR_NAME = AccentColor;
				CODE_SIGN_STYLE = Automatic;
				CURRENT_PROJECT_VERSION = 1;
				GENERATE_INFOPLIST_FILE = YES;
				INFOPLIST_FILE = Tab/Info.plist;
				INFOPLIST_KEY_UIApplicationSupportsIndirectInputEvents = YES;
				INFOPLIST_KEY_UILaunchStoryboardName = LaunchScreen;
				INFOPLIST_KEY_UIMainStoryboardFile = Main;
				INFOPLIST_KEY_UISupportedInterfaceOrientations_iPad = "UIInterfaceOrientationPortrait UIInterfaceOrientationPortraitUpsideDown UIInterfaceOrientationLandscapeLeft UIInterfaceOrientationLandscapeRight";
				INFOPLIST_KEY_UISupportedInterfaceOrientations_iPhone = "UIInterfaceOrientationPortrait UIInterfaceOrientationLandscapeLeft UIInterfaceOrientationLandscapeRight";
				LD_RUNPATH_SEARCH_PATHS = (
					"$(inherited)",
					"@executable_path/Frameworks",
				);
				MARKETING_VERSION = 1.0;
				PRODUCT_BUNDLE_IDENTIFIER = rmw.iosswift.Tab;
				PRODUCT_NAME = "$(TARGET_NAME)";
				SWIFT_EMIT_LOC_STRINGS = YES;
				SWIFT_VERSION = 5.0;
				TARGETED_DEVICE_FAMILY = "1,2";
			};
			name = Debug;
		};
		A30ED7262A2F1A3100401D53 /* Release */ = {
			isa = XCBuildConfiguration;
			buildSettings = {
				ASSETCATALOG_COMPILER_APPICON_NAME = AppIcon;
				ASSETCATALOG_COMPILER_GLOBAL_ACCENT_COLOR_NAME = AccentColor;
				CODE_SIGN_STYLE = Automatic;
				CURRENT_PROJECT_VERSION = 1;
				GENERATE_INFOPLIST_FILE = YES;
				INFOPLIST_FILE = Tab/Info.plist;
				INFOPLIST_KEY_UIApplicationSupportsIndirectInputEvents = YES;
				INFOPLIST_KEY_UILaunchStoryboardName = LaunchScreen;
				INFOPLIST_KEY_UIMainStoryboardFile = Main;
				INFOPLIST_KEY_UISupportedInterfaceOrientations_iPad = "UIInterfaceOrientationPortrait UIInterfaceOrientationPortraitUpsideDown UIInterfaceOrientationLandscapeLeft UIInterfaceOrientationLandscapeRight";
				INFOPLIST_KEY_UISupportedInterfaceOrientations_iPhone = "UIInterfaceOrientationPortrait UIInterfaceOrientationLandscapeLeft UIInterfaceOrientationLandscapeRight";
				LD_RUNPATH_SEARCH_PATHS = (
					"$(inherited)",
					"@executable_path/Frameworks",
				);
				MARKETING_VERSION = 1.0;
				PRODUCT_BUNDLE_IDENTIFIER = rmw.iosswift.Tab;
				PRODUCT_NAME = "$(TARGET_NAME)";
				SWIFT_EMIT_LOC_STRINGS = YES;
				SWIFT_VERSION = 5.0;
				TARGETED_DEVICE_FAMILY = "1,2";
			};
			name = Release;
		};
		A30ED7282A2F1A3100401D53 /* Debug */ = {
			isa = XCBuildConfiguration;
			buildSettings = {
				ALWAYS_EMBED_SWIFT_STANDARD_LIBRARIES = YES;
				BUNDLE_LOADER = "$(TEST_HOST)";
				CODE_SIGN_STYLE = Automatic;
				CURRENT_PROJECT_VERSION = 1;
				GENERATE_INFOPLIST_FILE = YES;
				IPHONEOS_DEPLOYMENT_TARGET = 16.2;
				MARKETING_VERSION = 1.0;
				PRODUCT_BUNDLE_IDENTIFIER = rmw.iosswift.TabTests;
				PRODUCT_NAME = "$(TARGET_NAME)";
				SWIFT_EMIT_LOC_STRINGS = NO;
				SWIFT_VERSION = 5.0;
				TARGETED_DEVICE_FAMILY = "1,2";
				TEST_HOST = "$(BUILT_PRODUCTS_DIR)/Tab.app/$(BUNDLE_EXECUTABLE_FOLDER_PATH)/Tab";
			};
			name = Debug;
		};
		A30ED7292A2F1A3100401D53 /* Release */ = {
			isa = XCBuildConfiguration;
			buildSettings = {
				ALWAYS_EMBED_SWIFT_STANDARD_LIBRARIES = YES;
				BUNDLE_LOADER = "$(TEST_HOST)";
				CODE_SIGN_STYLE = Automatic;
				CURRENT_PROJECT_VERSION = 1;
				GENERATE_INFOPLIST_FILE = YES;
				IPHONEOS_DEPLOYMENT_TARGET = 16.2;
				MARKETING_VERSION = 1.0;
				PRODUCT_BUNDLE_IDENTIFIER = rmw.iosswift.TabTests;
				PRODUCT_NAME = "$(TARGET_NAME)";
				SWIFT_EMIT_LOC_STRINGS = NO;
				SWIFT_VERSION = 5.0;
				TARGETED_DEVICE_FAMILY = "1,2";
				TEST_HOST = "$(BUILT_PRODUCTS_DIR)/Tab.app/$(BUNDLE_EXECUTABLE_FOLDER_PATH)/Tab";
			};
			name = Release;
		};
		A30ED72B2A2F1A3100401D53 /* Debug */ = {
			isa = XCBuildConfiguration;
			buildSettings = {
				ALWAYS_EMBED_SWIFT_STANDARD_LIBRARIES = YES;
				CODE_SIGN_STYLE = Automatic;
				CURRENT_PROJECT_VERSION = 1;
				GENERATE_INFOPLIST_FILE = YES;
				MARKETING_VERSION = 1.0;
				PRODUCT_BUNDLE_IDENTIFIER = rmw.iosswift.TabUITests;
				PRODUCT_NAME = "$(TARGET_NAME)";
				SWIFT_EMIT_LOC_STRINGS = NO;
				SWIFT_VERSION = 5.0;
				TARGETED_DEVICE_FAMILY = "1,2";
				TEST_TARGET_NAME = Tab;
			};
			name = Debug;
		};
		A30ED72C2A2F1A3100401D53 /* Release */ = {
			isa = XCBuildConfiguration;
			buildSettings = {
				ALWAYS_EMBED_SWIFT_STANDARD_LIBRARIES = YES;
				CODE_SIGN_STYLE = Automatic;
				CURRENT_PROJECT_VERSION = 1;
				GENERATE_INFOPLIST_FILE = YES;
				MARKETING_VERSION = 1.0;
				PRODUCT_BUNDLE_IDENTIFIER = rmw.iosswift.TabUITests;
				PRODUCT_NAME = "$(TARGET_NAME)";
				SWIFT_EMIT_LOC_STRINGS = NO;
				SWIFT_VERSION = 5.0;
				TARGETED_DEVICE_FAMILY = "1,2";
				TEST_TARGET_NAME = Tab;
			};
			name = Release;
		};
/* End XCBuildConfiguration section */

/* Begin XCConfigurationList section */
		A30ED6F52A2F1A2F00401D53 /* Build configuration list for PBXProject "Tab" */ = {
			isa = XCConfigurationList;
			buildConfigurations = (
				A30ED7222A2F1A3100401D53 /* Debug */,
				A30ED7232A2F1A3100401D53 /* Release */,
			);
			defaultConfigurationIsVisible = 0;
			defaultConfigurationName = Release;
		};
		A30ED7242A2F1A3100401D53 /* Build configuration list for PBXNativeTarget "Tab" */ = {
			isa = XCConfigurationList;
			buildConfigurations = (
				A30ED7252A2F1A3100401D53 /* Debug */,
				A30ED7262A2F1A3100401D53 /* Release */,
			);
			defaultConfigurationIsVisible = 0;
			defaultConfigurationName = Release;
		};
		A30ED7272A2F1A3100401D53 /* Build configuration list for PBXNativeTarget "TabTests" */ = {
			isa = XCConfigurationList;
			buildConfigurations = (
				A30ED7282A2F1A3100401D53 /* Debug */,
				A30ED7292A2F1A3100401D53 /* Release */,
			);
			defaultConfigurationIsVisible = 0;
			defaultConfigurationName = Release;
		};
		A30ED72A2A2F1A3100401D53 /* Build configuration list for PBXNativeTarget "TabUITests" */ = {
			isa = XCConfigurationList;
			buildConfigurations = (
				A30ED72B2A2F1A3100401D53 /* Debug */,
				A30ED72C2A2F1A3100401D53 /* Release */,
			);
			defaultConfigurationIsVisible = 0;
			defaultConfigurationName = Release;
		};
/* End XCConfigurationList section */
	};
	rootObject = A30ED6F22A2F1A2F00401D53 /* Project object */;
}
